
Microsoft Visual Studio Solution File, Format Version 12.00
# Visual Studio 15
VisualStudioVersion = 15.0.27004.2006
MinimumVisualStudioVersion = 10.0.40219.1
Project("{FAE04EC0-301F-11D3-BF4B-00C04F79EFBC}") = "StudentRegistration", "StudentRegistration\StudentRegistration.csproj", "{D418CAA1-FA4F-4207-9152-07D6BCAF2CD9}"
EndProject
Project("{FAE04EC0-301F-11D3-BF4B-00C04F79EFBC}") = "BookRental", "BookRental\BookRental.csproj", "{8F84AAF0-C1FE-4D2F-A72C-F6FFC6C9A5FF}"
EndProject
Project("{FAE04EC0-301F-11D3-BF4B-00C04F79EFBC}") = "MultipleDbContextExample", "MultipleDbContextExample\MultipleDbContextExample.csproj", "{408BD8B7-82FB-40B6-91C3-F6F8C15860CE}"
EndProject
Global
	GlobalSection(SolutionConfigurationPlatforms) = preSolution
		Debug|Any CPU = Debug|Any CPU
		Release|Any CPU = Release|Any CPU
	EndGlobalSection
	GlobalSection(ProjectConfigurationPlatforms) = postSolution
		{D418CAA1-FA4F-4207-9152-07D6BCAF2CD9}.Debug|Any CPU.ActiveCfg = Debug|Any CPU
		{D418CAA1-FA4F-4207-9152-07D6BCAF2CD9}.Debug|Any CPU.Build.0 = Debug|Any CPU
		{D418CAA1-FA4F-4207-9152-07D6BCAF2CD9}.Release|Any CPU.ActiveCfg = Release|Any CPU
		{D418CAA1-FA4F-4207-9152-07D6BCAF2CD9}.Release|Any CPU.Build.0 = Release|Any CPU
		{8F84AAF0-C1FE-4D2F-A72C-F6FFC6C9A5FF}.Debug|Any CPU.ActiveCfg = Debug|Any CPU
		{8F84AAF0-C1FE-4D2F-A72C-F6FFC6C9A5FF}.Debug|Any CPU.Build.0 = Debug|Any CPU
		{8F84AAF0-C1FE-4D2F-A72C-F6FFC6C9A5FF}.Release|Any CPU.ActiveCfg = Release|Any CPU
		{8F84AAF0-C1FE-4D2F-A72C-F6FFC6C9A5FF}.Release|Any CPU.Build.0 = Release|Any CPU
		{408BD8B7-82FB-40B6-91C3-F6F8C15860CE}.Debug|Any CPU.ActiveCfg = Debug|Any CPU
		{408BD8B7-82FB-40B6-91C3-F6F8C15860CE}.Debug|Any CPU.Build.0 = Debug|Any CPU
		{408BD8B7-82FB-40B6-91C3-F6F8C15860CE}.Release|Any CPU.ActiveCfg = Release|Any CPU
		{408BD8B7-82FB-40B6-91C3-F6F8C15860CE}.Release|Any CPU.Build.0 = Release|Any CPU
	EndGlobalSection
	GlobalSection(SolutionProperties) = preSolution
		HideSolutionNode = FALSE
	EndGlobalSection
	GlobalSection(ExtensibilityGlobals) = postSolution
		SolutionGuid = {025E6B64-3E97-42AE-B32E-5CA41FAEF67B}
	EndGlobalSection
EndGlobal
